github.com/davecgh/go-spew v1.1.1 h1:vj9j/u1bqnvCEfJOwUhtlOARqs3+rkHYY13jYWTU97c=
github.com/davecgh/go-spew v1.1.1/go.mod h1:J7Y8YcW2NihsgmVo/mv3lAwl/skON4iLHjSsI+c5H38=
github.com/go-mclib/protocol v0.0.0-20260203211045-23755a692396 h1:hGqAapnohyjlLHKJzfuLbUJGiV2c/fVASx8EIjDQCDA=
github.com/go-mclib/protocol v0.0.0-20260203211045-23755a692396/go.mod h1:aVfH1TFVFv7ksiVmFKyWctJTws2MvXjnAJprdx9/5gw=
github.com/go-mclib/protocol v0.0.0-20260207175754-56f11c81db1d h1:RyeYm3fc6nzXEw7JYzPpBdDYHUBvA3jn1pYOX+Ck6pg=
github.com/go-mclib/protocol v0.0.0-20260207175754-56f11c81db1d/go.mod h1:aVfH1TFVFv7ksiVmFKyWctJTws2MvXjnAJprdx9/5gw=
github.com/pmezard/go-difflib v1.0.0 h1:4DBwDE0NGyQoBHbLQYPwSUPoCMWR5BEzIk/f1lZbAQM=
github.com/pmezard/go-difflib v1.0.0/go.mod h1:iKH77koFhYxTK1pcRnkKkqfTogsbg7gZNVY4sRDYZ/4=
github.com/stretchr/testify v1.11.1 h1:7s2iGBzp5EwR7/aIZr8ao5+dra3wiQyKjjFuvgVKu7U=
github.com/stretchr/testify v1.11.1/go.mod h1:wZwfW3scLgRK+23gO65QZefKpKQRnfz6sD981Nm4B6U=
gopkg.in/check.v1 v0.0.0-20161208181325-20d25e280405 h1:yhCVgyC4o1eVCa2tZl7eS0r+SDo693bJlVdllGtEeKM=
gopkg.in/check.v1 v0.0.0-20161208181325-20d25e280405/go.mod h1:Co6ibVJAznAaIkqp8huTwlJQCZ016jof/cbN4VW5Yz0=
gopkg.in/yaml.v3 v3.0.1 h1:fxVm/GzAzEWqLHuvctI91KS9hhNmmWOoWu0XTYJS7CA=
gopkg.in/yaml.v3 v3.0.1/go.mod h1:K4uyk7z7BCEPqu6E+C64Yfv1cQ7kz7rIZviUmN+EgEM=
